{
  "version": 4,
  "terraform_version": "0.12.28",
  "serial": 1,
  "lineage": "d4482d42-644b-56eb-4e06-7f5a3d35549c",
  "outputs": {},
  "resources": [
    {
      "mode": "managed",
      "type": "proxmox_vm_qemu",
      "name": "ubuntu_4",
      "provider": "provider.proxmox",
      "instances": [
        {
          "schema_version": 0,
          "attributes": {
            "agent": 0,
            "balloon": 0,
            "bios": "seabios",
            "boot": "cdn",
            "bootdisk": null,
            "bridge": null,
            "ci_wait": null,
            "cicustom": null,
            "cipassword": "002349",
            "ciuser": "root",
            "clone": "ubuntu-1604-cloudinit",
            "clone_wait": 15,
            "cores": 2,
            "cpu": "host",
            "desc": null,
            "disk": [
              {
                "backup": false,
                "cache": "none",
                "format": "raw",
                "id": 0,
                "iothread": false,
                "mbps": 0,
                "mbps_rd": 0,
                "mbps_rd_max": 0,
                "mbps_wr": 0,
                "mbps_wr_max": 0,
                "replicate": false,
                "size": "20",
                "storage": "external",
                "storage_type": "nfs",
                "type": "scsi"
              }
            ],
            "disk_gb": null,
            "force_create": false,
            "full_clone": true,
            "hastate": null,
            "hotplug": "network,disk,usb",
            "id": "pve-uat2/qemu/1773",
            "ipconfig0": "ip=192.168.60.83/24,gw=192.168.60.254",
            "ipconfig1": null,
            "ipconfig2": null,
            "iso": null,
            "mac": null,
            "memory": 4096,
            "name": "NopOS4",
            "nameserver": null,
            "network": [
              {
                "bridge": "vmbr0",
                "firewall": false,
                "id": 0,
                "link_down": false,
                "macaddr": "52:CA:B0:E7:43:EC",
                "model": "virtio",
                "queues": -1,
                "rate": -1,
                "tag": -1
              }
            ],
            "nic": null,
            "numa": false,
            "onboot": true,
            "os_network_config": null,
            "os_type": null,
            "pool": null,
            "preprovision": true,
            "qemu_os": null,
            "scsihw": null,
            "searchdomain": null,
            "serial": [],
            "sockets": 2,
            "ssh_forward_ip": null,
            "ssh_host": "192.168.60.83",
            "ssh_port": "22",
            "ssh_private_key": null,
            "ssh_user": null,
            "sshkeys": "  ssh-rsa AAAAB3NzaC1yc2EAAAABJQAAAQEAp9zrwipIizgc8P+ffKH6KyW4a6LDscGgsNWbsuwirWzixsitRvQCi3v7BsYT9GQvVUYnejnzDCO4t5Dt0vB9EZzDWBJbA8slZJyfw0l8dFKKg6oFme/PQmjxGQIJYC0C9pPJz1jhx+VvjpgZrSQbwYATg7Q1Z1yElAmFFeWJOl2i4Oi4lumc+TU35fpa1tzkpa0diWQUu1U9NSqxj6VPHnqKPj5dlqvciRhCcnttVdrfAR2u8KVHo22FaO7jLpDs8aqoGlqAbLWQPNyCZgxWy7y41sHUvsVv9BslGtPyPHmbf4KZ78FOJH5utoorzbkOINjPwrdrS2mrWUOC1xf8Aw==\n",
            "storage": null,
            "storage_type": null,
            "target_node": "pve-uat2",
            "vcpus": 0,
            "vga": [],
            "vlan": -1,
            "vmid": 1773
          },
          "private": "bnVsbA=="
        }
      ]
    }
  ]
}
